
Microsoft Visual Studio Solution File, Format Version 12.00
# Visual Studio Version 17
VisualStudioVersion = 17.10.35027.167
MinimumVisualStudioVersion = 10.0.40219.1
Project("{9A19103F-16F7-4668-BE54-9A1E7A4F7556}") = "NovaPanel", "NovaPanel\NovaPanel.csproj", "{DDA23C62-0EAB-49AD-922B-4C0E3AB8D17A}"
EndProject
Global
	GlobalSection(SolutionConfigurationPlatforms) = preSolution
		Debug|Any CPU = Debug|Any CPU
		Release|Any CPU = Release|Any CPU
	EndGlobalSection
	GlobalSection(ProjectConfigurationPlatforms) = postSolution
		{DDA23C62-0EAB-49AD-922B-4C0E3AB8D17A}.Debug|Any CPU.ActiveCfg = Debug|Any CPU
		{DDA23C62-0EAB-49AD-922B-4C0E3AB8D17A}.Debug|Any CPU.Build.0 = Debug|Any CPU
		{DDA23C62-0EAB-49AD-922B-4C0E3AB8D17A}.Release|Any CPU.ActiveCfg = Release|Any CPU
		{DDA23C62-0EAB-49AD-922B-4C0E3AB8D17A}.Release|Any CPU.Build.0 = Release|Any CPU
	EndGlobalSection
	GlobalSection(SolutionProperties) = preSolution
		HideSolutionNode = FALSE
	EndGlobalSection
	GlobalSection(ExtensibilityGlobals) = postSolution
		SolutionGuid = {7D70A384-EE2A-4389-B0CD-FFF6315F274B}
	EndGlobalSection
EndGlobal
